
Microsoft Visual Studio Solution File, Format Version 12.00
# Visual Studio Version 17
VisualStudioVersion = 17.3.32825.248
MinimumVisualStudioVersion = 10.0.40219.1
Project("{FAE04EC0-301F-11D3-BF4B-00C04F79EFBC}") = "HttpPrint", "HttpPrint\HttpPrint.csproj", "{3D1A8F52-C959-493D-9191-BEEA2808ED1F}"
EndProject
Project("{FAE04EC0-301F-11D3-BF4B-00C04F79EFBC}") = "HttpPrint.Client", "HttpPrint.Client\HttpPrint.Client.csproj", "{DDFBAA13-1454-4AE0-89F6-AE3970F0AFBF}"
EndProject
Global
	GlobalSection(SolutionConfigurationPlatforms) = preSolution
		Debug|Any CPU = Debug|Any CPU
		Release|Any CPU = Release|Any CPU
	EndGlobalSection
	GlobalSection(ProjectConfigurationPlatforms) = postSolution
		{3D1A8F52-C959-493D-9191-BEEA2808ED1F}.Debug|Any CPU.ActiveCfg = Debug|Any CPU
		{3D1A8F52-C959-493D-9191-BEEA2808ED1F}.Debug|Any CPU.Build.0 = Debug|Any CPU
		{3D1A8F52-C959-493D-9191-BEEA2808ED1F}.Release|Any CPU.ActiveCfg = Release|Any CPU
		{3D1A8F52-C959-493D-9191-BEEA2808ED1F}.Release|Any CPU.Build.0 = Release|Any CPU
		{DDFBAA13-1454-4AE0-89F6-AE3970F0AFBF}.Debug|Any CPU.ActiveCfg = Debug|Any CPU
		{DDFBAA13-1454-4AE0-89F6-AE3970F0AFBF}.Debug|Any CPU.Build.0 = Debug|Any CPU
		{DDFBAA13-1454-4AE0-89F6-AE3970F0AFBF}.Release|Any CPU.ActiveCfg = Release|Any CPU
		{DDFBAA13-1454-4AE0-89F6-AE3970F0AFBF}.Release|Any CPU.Build.0 = Release|Any CPU
	EndGlobalSection
	GlobalSection(SolutionProperties) = preSolution
		HideSolutionNode = FALSE
	EndGlobalSection
	GlobalSection(ExtensibilityGlobals) = postSolution
		SolutionGuid = {DA860A8B-8634-4BAC-AF12-965C46EFE3E1}
	EndGlobalSection
EndGlobal
